Microsoft Visual Studio Solution File, Format Version 12.00
# Visual Studio Version 17
VisualStudioVersion = 17.5.2.0
MinimumVisualStudioVersion = 10.0.40219.1
Project("{FAE04EC0-301F-11D3-BF4B-00C04F79EFBC}") = "PotapkinPrac1", "PotapkinPrac1.csproj", "{D8395A2C-FD7D-2749-8CCC-DD6E0D0E1287}"
EndProject
Global
	GlobalSection(SolutionConfigurationPlatforms) = preSolution
		Debug|Any CPU = Debug|Any CPU
		Release|Any CPU = Release|Any CPU
	EndGlobalSection
	GlobalSection(ProjectConfigurationPlatforms) = postSolution
		{D8395A2C-FD7D-2749-8CCC-DD6E0D0E1287}.Debug|Any CPU.ActiveCfg = Debug|Any CPU
		{D8395A2C-FD7D-2749-8CCC-DD6E0D0E1287}.Debug|Any CPU.Build.0 = Debug|Any CPU
		{D8395A2C-FD7D-2749-8CCC-DD6E0D0E1287}.Release|Any CPU.ActiveCfg = Release|Any CPU
		{D8395A2C-FD7D-2749-8CCC-DD6E0D0E1287}.Release|Any CPU.Build.0 = Release|Any CPU
	EndGlobalSection
	GlobalSection(SolutionProperties) = preSolution
		HideSolutionNode = FALSE
	EndGlobalSection
	GlobalSection(ExtensibilityGlobals) = postSolution
		SolutionGuid = {E0BC2B2B-E9EF-49A8-B903-742EFB813A27}
	EndGlobalSection
EndGlobal
